
Microsoft Visual Studio Solution File, Format Version 12.00
# Visual Studio Version 16
VisualStudioVersion = 16.0.31702.278
MinimumVisualStudioVersion = 10.0.40219.1
Project("{9A19103F-16F7-4668-BE54-9A1E7A4F7556}") = "UnluCo.Entities", "UnluCo.Entities\UnluCo.Entities.csproj", "{D0CC75B8-AF67-4BD2-8A36-D253D89C5512}"
EndProject
Project("{9A19103F-16F7-4668-BE54-9A1E7A4F7556}") = "UnluCo.DAL", "UnluCo.DAL\UnluCo.DAL.csproj", "{BA0E20F9-DFB8-411D-B9EF-CACF1341DF43}"
EndProject
Project("{9A19103F-16F7-4668-BE54-9A1E7A4F7556}") = "UnluCo.BLL", "UnluCo.BLL\UnluCo.BLL.csproj", "{E3EDE46A-4940-4956-B14B-E80AE3724B5D}"
EndProject
Project("{9A19103F-16F7-4668-BE54-9A1E7A4F7556}") = "Core", "Core\Core.csproj", "{AFF2414D-87B3-4527-842C-4EDEFB8AF85F}"
EndProject
Project("{9A19103F-16F7-4668-BE54-9A1E7A4F7556}") = "UnluCo.WebApi", "UnluCo.WebApi\UnluCo.WebApi.csproj", "{80D686D0-6FBA-4230-9FB3-37F26DD79553}"
EndProject
Project("{9A19103F-16F7-4668-BE54-9A1E7A4F7556}") = "UnluCo.ConsumerConsole", "UnluCo.ConsumerConsole\UnluCo.ConsumerConsole.csproj", "{0254D52D-51F8-49BB-9ECD-5078B673C4C6}"
EndProject
Global
	GlobalSection(SolutionConfigurationPlatforms) = preSolution
		Debug|Any CPU = Debug|Any CPU
		Release|Any CPU = Release|Any CPU
	EndGlobalSection
	GlobalSection(ProjectConfigurationPlatforms) = postSolution
		{D0CC75B8-AF67-4BD2-8A36-D253D89C5512}.Debug|Any CPU.ActiveCfg = Debug|Any CPU
		{D0CC75B8-AF67-4BD2-8A36-D253D89C5512}.Debug|Any CPU.Build.0 = Debug|Any CPU
		{D0CC75B8-AF67-4BD2-8A36-D253D89C5512}.Release|Any CPU.ActiveCfg = Release|Any CPU
		{D0CC75B8-AF67-4BD2-8A36-D253D89C5512}.Release|Any CPU.Build.0 = Release|Any CPU
		{BA0E20F9-DFB8-411D-B9EF-CACF1341DF43}.Debug|Any CPU.ActiveCfg = Debug|Any CPU
		{BA0E20F9-DFB8-411D-B9EF-CACF1341DF43}.Debug|Any CPU.Build.0 = Debug|Any CPU
		{BA0E20F9-DFB8-411D-B9EF-CACF1341DF43}.Release|Any CPU.ActiveCfg = Release|Any CPU
		{BA0E20F9-DFB8-411D-B9EF-CACF1341DF43}.Release|Any CPU.Build.0 = Release|Any CPU
		{E3EDE46A-4940-4956-B14B-E80AE3724B5D}.Debug|Any CPU.ActiveCfg = Debug|Any CPU
		{E3EDE46A-4940-4956-B14B-E80AE3724B5D}.Debug|Any CPU.Build.0 = Debug|Any CPU
		{E3EDE46A-4940-4956-B14B-E80AE3724B5D}.Release|Any CPU.ActiveCfg = Release|Any CPU
		{E3EDE46A-4940-4956-B14B-E80AE3724B5D}.Release|Any CPU.Build.0 = Release|Any CPU
		{AFF2414D-87B3-4527-842C-4EDEFB8AF85F}.Debug|Any CPU.ActiveCfg = Debug|Any CPU
		{AFF2414D-87B3-4527-842C-4EDEFB8AF85F}.Debug|Any CPU.Build.0 = Debug|Any CPU
		{AFF2414D-87B3-4527-842C-4EDEFB8AF85F}.Release|Any CPU.ActiveCfg = Release|Any CPU
		{AFF2414D-87B3-4527-842C-4EDEFB8AF85F}.Release|Any CPU.Build.0 = Release|Any CPU
		{80D686D0-6FBA-4230-9FB3-37F26DD79553}.Debug|Any CPU.ActiveCfg = Debug|Any CPU
		{80D686D0-6FBA-4230-9FB3-37F26DD79553}.Debug|Any CPU.Build.0 = Debug|Any CPU
		{80D686D0-6FBA-4230-9FB3-37F26DD79553}.Release|Any CPU.ActiveCfg = Release|Any CPU
		{80D686D0-6FBA-4230-9FB3-37F26DD79553}.Release|Any CPU.Build.0 = Release|Any CPU
		{0254D52D-51F8-49BB-9ECD-5078B673C4C6}.Debug|Any CPU.ActiveCfg = Debug|Any CPU
		{0254D52D-51F8-49BB-9ECD-5078B673C4C6}.Debug|Any CPU.Build.0 = Debug|Any CPU
		{0254D52D-51F8-49BB-9ECD-5078B673C4C6}.Release|Any CPU.ActiveCfg = Release|Any CPU
		{0254D52D-51F8-49BB-9ECD-5078B673C4C6}.Release|Any CPU.Build.0 = Release|Any CPU
	EndGlobalSection
	GlobalSection(SolutionProperties) = preSolution
		HideSolutionNode = FALSE
	EndGlobalSection
	GlobalSection(ExtensibilityGlobals) = postSolution
		SolutionGuid = {CEC60119-C5C2-4954-8B9B-8E07104DD6C2}
	EndGlobalSection
EndGlobal
